{
  "nodes": {
    "dotool": {
      "flake": false,
      "locked": {
        "lastModified": 1685633694,
        "narHash": "sha256-z0fQ+qenHjtoriYSD2sOjEvfLVtZcMJbvnjKZFRSsMA=",
        "owner": "~geb",
        "repo": "dotool",
        "rev": "eb41d9d70cf96d36a008313704933238f1e88f84",
        "type": "sourcehut"
      },
      "original": {
        "owner": "~geb",
        "repo": "dotool",
        "type": "sourcehut"
      }
    },
    "nixpkgs": {
      "locked": {
        "lastModified": 1686476475,
        "narHash": "sha256-W9yUePvCSDghn+YUXewuodyPxt+kJl/a7zdY4Q6r4MU=",
        "owner": "NixOS",
        "repo": "nixpkgs",
        "rev": "eef86b8a942913a828b9ef13722835f359deef29",
        "type": "github"
      },
      "original": {
        "owner": "NixOS",
        "ref": "nixos-22.11",
        "repo": "nixpkgs",
        "type": "github"
      }
    },
    "numen": {
      "flake": false,
      "locked": {
        "lastModified": 1685628900,
        "narHash": "sha256-Yf3HbByPkcURcAS496O/rTT+vJ6o76/0wCGHdievuKg=",
        "owner": "~geb",
        "repo": "numen",
        "rev": "620558ef3c27f985d3fdf8f0a0ae4af6c1b691ab",
        "type": "sourcehut"
      },
      "original": {
        "owner": "~geb",
        "repo": "numen",
        "type": "sourcehut"
      }
    },
    "root": {
      "inputs": {
        "dotool": "dotool",
        "nixpkgs": "nixpkgs",
        "numen": "numen"
      }
    }
  },
  "root": "root",
  "version": 7
}
