{
  "nodes": {
    "dotool-src": {
      "flake": false,
      "locked": {
        "lastModified": 1685633694,
        "narHash": "sha256-z0fQ+qenHjtoriYSD2sOjEvfLVtZcMJbvnjKZFRSsMA=",
        "owner": "~geb",
        "repo": "dotool",
        "rev": "eb41d9d70cf96d36a008313704933238f1e88f84",
        "type": "sourcehut"
      },
      "original": {
        "owner": "~geb",
        "repo": "dotool",
        "type": "sourcehut"
      }
    },
    "nixpkgs": {
      "locked": {
        "lastModified": 1689885880,
        "narHash": "sha256-2ikAcvHKkKh8J/eUrwMA+wy1poscC+oL1RkN1V3RmT8=",
        "owner": "NixOS",
        "repo": "nixpkgs",
        "rev": "fa793b06f56896b7d1909e4b69977c7bf842b2f0",
        "type": "github"
      },
      "original": {
        "owner": "NixOS",
        "ref": "nixos-23.05",
        "repo": "nixpkgs",
        "type": "github"
      }
    },
    "numen-src": {
      "flake": false,
      "locked": {
        "lastModified": 1687545106,
        "narHash": "sha256-hBtNubasdPlvrUuX5+wxZXrfbCy5cBIauxuKMMXljmY=",
        "owner": "~geb",
        "repo": "numen",
        "rev": "80eaf6cef677a9353d29ad7d663885406404c3c3",
        "type": "sourcehut"
      },
      "original": {
        "owner": "~geb",
        "repo": "numen",
        "type": "sourcehut"
      }
    },
    "root": {
      "inputs": {
        "dotool-src": "dotool-src",
        "nixpkgs": "nixpkgs",
        "numen-src": "numen-src"
      }
    }
  },
  "root": "root",
  "version": 7
}
